
Microsoft Visual Studio Solution File, Format Version 12.00
# Visual Studio Version 17
VisualStudioVersion = 17.0.31903.59
MinimumVisualStudioVersion = 10.0.40219.1
Project("{9A19103F-16F7-4668-BE54-9A1E7A4F7556}") = "Chapter03_TemplateMethod", "Chapter03_TemplateMethod\Chapter03_TemplateMethod.csproj", "{C43807D7-097F-4721-B357-14E45FD5EEE7}"
EndProject
Project("{9A19103F-16F7-4668-BE54-9A1E7A4F7556}") = "Chapter04_FactoryMethod", "Chapter04_FactoryMethod\Chapter04_FactoryMethod.csproj", "{C876DAAD-4CEB-4D10-9F9C-4B198EB8544A}"
EndProject
Project("{9A19103F-16F7-4668-BE54-9A1E7A4F7556}") = "Chapter05_Singleton", "Chapter05_Singleton\Chapter05_Singleton.csproj", "{113E35BF-2945-4D2E-8075-1FFB33AFF821}"
EndProject
Project("{9A19103F-16F7-4668-BE54-9A1E7A4F7556}") = "Chapter07_Builder", "Chapter07_Builder\Chapter07_Builder.csproj", "{39A1C9E4-3652-44F1-BBBE-527D80E25058}"
EndProject
Project("{9A19103F-16F7-4668-BE54-9A1E7A4F7556}") = "Chapter15_Facade", "Chapter15_Facade\Chapter15_Facade.csproj", "{3DF53F07-94CA-4726-9BD8-839503B905A1}"
EndProject
Project("{9A19103F-16F7-4668-BE54-9A1E7A4F7556}") = "Chapter09_Bridge", "Chapter09_Bridge\Chapter09_Bridge.csproj", "{1D173C4D-58EE-43A6-957C-5E8C86C17008}"
EndProject
Project("{9A19103F-16F7-4668-BE54-9A1E7A4F7556}") = "Chapter17_Decorator", "Chapter17_Decorator\Chapter17_Decorator.csproj", "{1B06493C-FA0B-499F-BFA4-0ACC2875492D}"
EndProject
Project("{9A19103F-16F7-4668-BE54-9A1E7A4F7556}") = "Chapter13_Visitor", "Chapter13_Visitor\Chapter13_Visitor.csproj", "{DFD9BEA0-234E-49C6-A792-434558368761}"
EndProject
Project("{9A19103F-16F7-4668-BE54-9A1E7A4F7556}") = "Chapter16_Mediator", "Chapter16_Mediator\Chapter16_Mediator.csproj", "{CC743E49-8246-4C87-83D1-0298D805621F}"
EndProject
Project("{9A19103F-16F7-4668-BE54-9A1E7A4F7556}") = "Chapter19_State", "Chapter19_State\Chapter19_State.csproj", "{5A1D3227-5260-401E-B1AD-6B7D2A13CFD7}"
EndProject
Project("{2150E333-8FDC-42A3-9474-1A3956D46DE8}") = "Solution Items", "Solution Items", "{73BF3716-F9DD-4897-9CCE-3FB603D8FBFE}"
	ProjectSection(SolutionItems) = preProject
		.editorconfig = .editorconfig
		README.md = README.md
	EndProjectSection
EndProject
Project("{9A19103F-16F7-4668-BE54-9A1E7A4F7556}") = "Chapter22_Command", "Chapter22_Command\Chapter22_Command.csproj", "{6A9FA8B8-B23A-4357-8324-88A609205BE9}"
EndProject
Project("{9A19103F-16F7-4668-BE54-9A1E7A4F7556}") = "Chapter02_Adapter", "Chapter02_Adapter\Chapter02_Adapter.csproj", "{5D61B060-2107-42D3-BB5A-D4BDF4CB033C}"
EndProject
Project("{9A19103F-16F7-4668-BE54-9A1E7A4F7556}") = "Chapter01_Iterator_1", "Chapter01_Iterator_1\Chapter01_Iterator_1.csproj", "{A543E2E1-532A-47C3-B5DD-4898852B576D}"
EndProject
Project("{9A19103F-16F7-4668-BE54-9A1E7A4F7556}") = "Chapter01_Iterator_2", "Chapter01_Iterator_2\Chapter01_Iterator_2.csproj", "{68D2742B-9613-469B-B668-182596E43074}"
EndProject
Project("{9A19103F-16F7-4668-BE54-9A1E7A4F7556}") = "Chapter06_Prototype", "Chapter06_Prototype\Chapter06_Prototype.csproj", "{683798C5-0080-45B9-B9F1-56F28F028891}"
EndProject
Project("{FAE04EC0-301F-11D3-BF4B-00C04F79EFBC}") = "Chapter08_AbrstractFactory", "Chapter08_AbrstractFactory\Chapter08_AbrstractFactory.csproj", "{53E292A2-7CE1-4501-971A-8C9AB49AE7D5}"
EndProject
Global
	GlobalSection(SolutionConfigurationPlatforms) = preSolution
		Debug|Any CPU = Debug|Any CPU
		Release|Any CPU = Release|Any CPU
	EndGlobalSection
	GlobalSection(ProjectConfigurationPlatforms) = postSolution
		{C43807D7-097F-4721-B357-14E45FD5EEE7}.Debug|Any CPU.ActiveCfg = Debug|Any CPU
		{C43807D7-097F-4721-B357-14E45FD5EEE7}.Debug|Any CPU.Build.0 = Debug|Any CPU
		{C43807D7-097F-4721-B357-14E45FD5EEE7}.Release|Any CPU.ActiveCfg = Release|Any CPU
		{C43807D7-097F-4721-B357-14E45FD5EEE7}.Release|Any CPU.Build.0 = Release|Any CPU
		{C876DAAD-4CEB-4D10-9F9C-4B198EB8544A}.Debug|Any CPU.ActiveCfg = Debug|Any CPU
		{C876DAAD-4CEB-4D10-9F9C-4B198EB8544A}.Debug|Any CPU.Build.0 = Debug|Any CPU
		{C876DAAD-4CEB-4D10-9F9C-4B198EB8544A}.Release|Any CPU.ActiveCfg = Release|Any CPU
		{C876DAAD-4CEB-4D10-9F9C-4B198EB8544A}.Release|Any CPU.Build.0 = Release|Any CPU
		{113E35BF-2945-4D2E-8075-1FFB33AFF821}.Debug|Any CPU.ActiveCfg = Debug|Any CPU
		{113E35BF-2945-4D2E-8075-1FFB33AFF821}.Debug|Any CPU.Build.0 = Debug|Any CPU
		{113E35BF-2945-4D2E-8075-1FFB33AFF821}.Release|Any CPU.ActiveCfg = Release|Any CPU
		{113E35BF-2945-4D2E-8075-1FFB33AFF821}.Release|Any CPU.Build.0 = Release|Any CPU
		{39A1C9E4-3652-44F1-BBBE-527D80E25058}.Debug|Any CPU.ActiveCfg = Debug|Any CPU
		{39A1C9E4-3652-44F1-BBBE-527D80E25058}.Debug|Any CPU.Build.0 = Debug|Any CPU
		{39A1C9E4-3652-44F1-BBBE-527D80E25058}.Release|Any CPU.ActiveCfg = Release|Any CPU
		{39A1C9E4-3652-44F1-BBBE-527D80E25058}.Release|Any CPU.Build.0 = Release|Any CPU
		{3DF53F07-94CA-4726-9BD8-839503B905A1}.Debug|Any CPU.ActiveCfg = Debug|Any CPU
		{3DF53F07-94CA-4726-9BD8-839503B905A1}.Debug|Any CPU.Build.0 = Debug|Any CPU
		{3DF53F07-94CA-4726-9BD8-839503B905A1}.Release|Any CPU.ActiveCfg = Release|Any CPU
		{3DF53F07-94CA-4726-9BD8-839503B905A1}.Release|Any CPU.Build.0 = Release|Any CPU
		{1D173C4D-58EE-43A6-957C-5E8C86C17008}.Debug|Any CPU.ActiveCfg = Debug|Any CPU
		{1D173C4D-58EE-43A6-957C-5E8C86C17008}.Debug|Any CPU.Build.0 = Debug|Any CPU
		{1D173C4D-58EE-43A6-957C-5E8C86C17008}.Release|Any CPU.ActiveCfg = Release|Any CPU
		{1D173C4D-58EE-43A6-957C-5E8C86C17008}.Release|Any CPU.Build.0 = Release|Any CPU
		{1B06493C-FA0B-499F-BFA4-0ACC2875492D}.Debug|Any CPU.ActiveCfg = Debug|Any CPU
		{1B06493C-FA0B-499F-BFA4-0ACC2875492D}.Debug|Any CPU.Build.0 = Debug|Any CPU
		{1B06493C-FA0B-499F-BFA4-0ACC2875492D}.Release|Any CPU.ActiveCfg = Release|Any CPU
		{1B06493C-FA0B-499F-BFA4-0ACC2875492D}.Release|Any CPU.Build.0 = Release|Any CPU
		{DFD9BEA0-234E-49C6-A792-434558368761}.Debug|Any CPU.ActiveCfg = Debug|Any CPU
		{DFD9BEA0-234E-49C6-A792-434558368761}.Debug|Any CPU.Build.0 = Debug|Any CPU
		{DFD9BEA0-234E-49C6-A792-434558368761}.Release|Any CPU.ActiveCfg = Release|Any CPU
		{DFD9BEA0-234E-49C6-A792-434558368761}.Release|Any CPU.Build.0 = Release|Any CPU
		{CC743E49-8246-4C87-83D1-0298D805621F}.Debug|Any CPU.ActiveCfg = Debug|Any CPU
		{CC743E49-8246-4C87-83D1-0298D805621F}.Debug|Any CPU.Build.0 = Debug|Any CPU
		{CC743E49-8246-4C87-83D1-0298D805621F}.Release|Any CPU.ActiveCfg = Release|Any CPU
		{CC743E49-8246-4C87-83D1-0298D805621F}.Release|Any CPU.Build.0 = Release|Any CPU
		{5A1D3227-5260-401E-B1AD-6B7D2A13CFD7}.Debug|Any CPU.ActiveCfg = Debug|Any CPU
		{5A1D3227-5260-401E-B1AD-6B7D2A13CFD7}.Debug|Any CPU.Build.0 = Debug|Any CPU
		{5A1D3227-5260-401E-B1AD-6B7D2A13CFD7}.Release|Any CPU.ActiveCfg = Release|Any CPU
		{5A1D3227-5260-401E-B1AD-6B7D2A13CFD7}.Release|Any CPU.Build.0 = Release|Any CPU
		{6A9FA8B8-B23A-4357-8324-88A609205BE9}.Debug|Any CPU.ActiveCfg = Debug|Any CPU
		{6A9FA8B8-B23A-4357-8324-88A609205BE9}.Debug|Any CPU.Build.0 = Debug|Any CPU
		{6A9FA8B8-B23A-4357-8324-88A609205BE9}.Release|Any CPU.ActiveCfg = Release|Any CPU
		{6A9FA8B8-B23A-4357-8324-88A609205BE9}.Release|Any CPU.Build.0 = Release|Any CPU
		{5D61B060-2107-42D3-BB5A-D4BDF4CB033C}.Debug|Any CPU.ActiveCfg = Debug|Any CPU
		{5D61B060-2107-42D3-BB5A-D4BDF4CB033C}.Debug|Any CPU.Build.0 = Debug|Any CPU
		{5D61B060-2107-42D3-BB5A-D4BDF4CB033C}.Release|Any CPU.ActiveCfg = Release|Any CPU
		{5D61B060-2107-42D3-BB5A-D4BDF4CB033C}.Release|Any CPU.Build.0 = Release|Any CPU
		{A543E2E1-532A-47C3-B5DD-4898852B576D}.Debug|Any CPU.ActiveCfg = Debug|Any CPU
		{A543E2E1-532A-47C3-B5DD-4898852B576D}.Debug|Any CPU.Build.0 = Debug|Any CPU
		{A543E2E1-532A-47C3-B5DD-4898852B576D}.Release|Any CPU.ActiveCfg = Release|Any CPU
		{A543E2E1-532A-47C3-B5DD-4898852B576D}.Release|Any CPU.Build.0 = Release|Any CPU
		{68D2742B-9613-469B-B668-182596E43074}.Debug|Any CPU.ActiveCfg = Debug|Any CPU
		{68D2742B-9613-469B-B668-182596E43074}.Debug|Any CPU.Build.0 = Debug|Any CPU
		{68D2742B-9613-469B-B668-182596E43074}.Release|Any CPU.ActiveCfg = Release|Any CPU
		{68D2742B-9613-469B-B668-182596E43074}.Release|Any CPU.Build.0 = Release|Any CPU
		{683798C5-0080-45B9-B9F1-56F28F028891}.Debug|Any CPU.ActiveCfg = Debug|Any CPU
		{683798C5-0080-45B9-B9F1-56F28F028891}.Debug|Any CPU.Build.0 = Debug|Any CPU
		{683798C5-0080-45B9-B9F1-56F28F028891}.Release|Any CPU.ActiveCfg = Release|Any CPU
		{683798C5-0080-45B9-B9F1-56F28F028891}.Release|Any CPU.Build.0 = Release|Any CPU
		{53E292A2-7CE1-4501-971A-8C9AB49AE7D5}.Debug|Any CPU.ActiveCfg = Debug|Any CPU
		{53E292A2-7CE1-4501-971A-8C9AB49AE7D5}.Debug|Any CPU.Build.0 = Debug|Any CPU
		{53E292A2-7CE1-4501-971A-8C9AB49AE7D5}.Release|Any CPU.ActiveCfg = Release|Any CPU
		{53E292A2-7CE1-4501-971A-8C9AB49AE7D5}.Release|Any CPU.Build.0 = Release|Any CPU
	EndGlobalSection
	GlobalSection(SolutionProperties) = preSolution
		HideSolutionNode = FALSE
	EndGlobalSection
	GlobalSection(ExtensibilityGlobals) = postSolution
		SolutionGuid = {8146AEA4-3719-4A0C-AE8C-6711B19F3DDD}
	EndGlobalSection
EndGlobal
